
Microsoft Visual Studio Solution File, Format Version 12.00
# Visual Studio Version 17
VisualStudioVersion = 17.3.32929.385
MinimumVisualStudioVersion = 10.0.40219.1
Project("{FAE04EC0-301F-11D3-BF4B-00C04F79EFBC}") = "1.2", "1.2\1.2.csproj", "{A448B896-28C0-46F7-9223-433AFD89AE44}"
EndProject
Global
	GlobalSection(SolutionConfigurationPlatforms) = preSolution
		Debug|Any CPU = Debug|Any CPU
		Release|Any CPU = Release|Any CPU
	EndGlobalSection
	GlobalSection(ProjectConfigurationPlatforms) = postSolution
		{A448B896-28C0-46F7-9223-433AFD89AE44}.Debug|Any CPU.ActiveCfg = Debug|Any CPU
		{A448B896-28C0-46F7-9223-433AFD89AE44}.Debug|Any CPU.Build.0 = Debug|Any CPU
		{A448B896-28C0-46F7-9223-433AFD89AE44}.Release|Any CPU.ActiveCfg = Release|Any CPU
		{A448B896-28C0-46F7-9223-433AFD89AE44}.Release|Any CPU.Build.0 = Release|Any CPU
	EndGlobalSection
	GlobalSection(SolutionProperties) = preSolution
		HideSolutionNode = FALSE
	EndGlobalSection
	GlobalSection(ExtensibilityGlobals) = postSolution
		SolutionGuid = {51CCE557-9E83-4A56-92F0-A67B81D4C96E}
	EndGlobalSection
EndGlobal
